
Microsoft Visual Studio Solution File, Format Version 12.00
# Visual Studio Version 16
VisualStudioVersion = 16.0.29411.108
MinimumVisualStudioVersion = 10.0.40219.1
Project("{FAE04EC0-301F-11D3-BF4B-00C04F79EFBC}") = "lxw_Helper", "lxw_Helper\lxw_Helper.csproj", "{1293AAA3-8FDB-48DB-8773-C652F28E4B53}"
EndProject
Global
	GlobalSection(SolutionConfigurationPlatforms) = preSolution
		Debug|x86 = Debug|x86
		Release|x86 = Release|x86
	EndGlobalSection
	GlobalSection(ProjectConfigurationPlatforms) = postSolution
		{1293AAA3-8FDB-48DB-8773-C652F28E4B53}.Debug|x86.ActiveCfg = Debug|x86
		{1293AAA3-8FDB-48DB-8773-C652F28E4B53}.Debug|x86.Build.0 = Debug|x86
		{1293AAA3-8FDB-48DB-8773-C652F28E4B53}.Release|x86.ActiveCfg = Release|x86
		{1293AAA3-8FDB-48DB-8773-C652F28E4B53}.Release|x86.Build.0 = Release|x86
	EndGlobalSection
	GlobalSection(SolutionProperties) = preSolution
		HideSolutionNode = FALSE
	EndGlobalSection
	GlobalSection(ExtensibilityGlobals) = postSolution
		EnterpriseLibraryConfigurationToolBinariesPath = packages\Unity.2.1.505.0\lib\NET35;packages\Unity.Interception.2.1.505.0\lib\NET35;packages\EnterpriseLibrary.Common.5.0.505.0\lib\NET35;packages\EnterpriseLibrary.Data.5.0.505.0\lib\NET35
		SolutionGuid = {15A2C847-4000-440D-96BB-53C4DA3D5E42}
	EndGlobalSection
EndGlobal
